// !$*UTF8*$!
{
	archiveVersion = 1;
	classes = {
	};
	objectVersion = 55;
	objects = {

/* Begin PBXBuildFile section */
		A6F6B06F290691C6004F189B /* AppDelegate.swift in Sources */ = {isa = PBXBuildFile; fileRef = A6F6B06E290691C6004F189B /* AppDelegate.swift */; };
		A6F6B071290691C6004F189B /* SceneDelegate.swift in Sources */ = {isa = PBXBuildFile; fileRef = A6F6B070290691C6004F189B /* SceneDelegate.swift */; };
		A6F6B073290691C6004F189B /* ViewController.swift in Sources */ = {isa = PBXBuildFile; fileRef = A6F6B072290691C6004F189B /* ViewController.swift */; };
		A6F6B076290691C6004F189B /* Main.storyboard in Resources */ = {isa = PBXBuildFile; fileRef = A6F6B074290691C6004F189B /* Main.storyboard */; };
		A6F6B078290691CB004F189B /* Assets.xcassets in Resources */ = {isa = PBXBuildFile; fileRef = A6F6B077290691CB004F189B /* Assets.xcassets */; };
		A6F6B07B290691CB004F189B /* LaunchScreen.storyboard in Resources */ = {isa = PBXBuildFile; fileRef = A6F6B079290691CB004F189B /* LaunchScreen.storyboard */; };
		A6F6B086290691CC004F189B /* RemindLearnEnglishTests.swift in Sources */ = {isa = PBXBuildFile; fileRef = A6F6B085290691CC004F189B /* RemindLearnEnglishTests.swift */; };
		A6F6B090290691CC004F189B /* RemindLearnEnglishUITests.swift in Sources */ = {isa = PBXBuildFile; fileRef = A6F6B08F290691CC004F189B /* RemindLearnEnglishUITests.swift */; };
		A6F6B092290691CC004F189B /* RemindLearnEnglishUITestsLaunchTests.swift in Sources */ = {isa = PBXBuildFile; fileRef = A6F6B091290691CC004F189B /* RemindLearnEnglishUITestsLaunchTests.swift */; };
/* End PBXBuildFile section */

/* Begin PBXContainerItemProxy section */
		A6F6B082290691CC004F189B /* PBXContainerItemProxy */ = {
			isa = PBXContainerItemProxy;
			containerPortal = A6F6B063290691C5004F189B /* Project object */;
			proxyType = 1;
			remoteGlobalIDString = A6F6B06A290691C6004F189B;
			remoteInfo = RemindLearnEnglish;
		};
		A6F6B08C290691CC004F189B /* PBXContainerItemProxy */ = {
			isa = PBXContainerItemProxy;
			containerPortal = A6F6B063290691C5004F189B /* Project object */;
			proxyType = 1;
			remoteGlobalIDString = A6F6B06A290691C6004F189B;
			remoteInfo = RemindLearnEnglish;
		};
/* End PBXContainerItemProxy section */

/* Begin PBXFileReference section */
		A6F6B06B290691C6004F189B /* RemindLearnEnglish.app */ = {isa = PBXFileReference; explicitFileType = wrapper.application; includeInIndex = 0; path = RemindLearnEnglish.app; sourceTree = BUILT_PRODUCTS_DIR; };
		A6F6B06E290691C6004F189B /* AppDelegate.swift */ = {isa = PBXFileReference; lastKnownFileType = sourcecode.swift; path = AppDelegate.swift; sourceTree = "<group>"; };
		A6F6B070290691C6004F189B /* SceneDelegate.swift */ = {isa = PBXFileReference; lastKnownFileType = sourcecode.swift; path = SceneDelegate.swift; sourceTree = "<group>"; };
		A6F6B072290691C6004F189B /* ViewController.swift */ = {isa = PBXFileReference; lastKnownFileType = sourcecode.swift; path = ViewController.swift; sourceTree = "<group>"; };
		A6F6B075290691C6004F189B /* Base */ = {isa = PBXFileReference; lastKnownFileType = file.storyboard; name = Base; path = Base.lproj/Main.storyboard; sourceTree = "<group>"; };
		A6F6B077290691CB004F189B /* Assets.xcassets */ = {isa = PBXFileReference; lastKnownFileType = folder.assetcatalog; path = Assets.xcassets; sourceTree = "<group>"; };
		A6F6B07A290691CB004F189B /* Base */ = {isa = PBXFileReference; lastKnownFileType = file.storyboard; name = Base; path = Base.lproj/LaunchScreen.storyboard; sourceTree = "<group>"; };
		A6F6B07C290691CB004F189B /* Info.plist */ = {isa = PBXFileReference; lastKnownFileType = text.plist.xml; path = Info.plist; sourceTree = "<group>"; };
		A6F6B081290691CC004F189B /* RemindLearnEnglishTests.xctest */ = {isa = PBXFileReference; explicitFileType = wrapper.cfbundle; includeInIndex = 0; path = RemindLearnEnglishTests.xctest; sourceTree = BUILT_PRODUCTS_DIR; };
		A6F6B085290691CC004F189B /* RemindLearnEnglishTests.swift */ = {isa = PBXFileReference; lastKnownFileType = sourcecode.swift; path = RemindLearnEnglishTests.swift; sourceTree = "<group>"; };
		A6F6B08B290691CC004F189B /* RemindLearnEnglishUITests.xctest */ = {isa = PBXFileReference; explicitFileType = wrapper.cfbundle; includeInIndex = 0; path = RemindLearnEnglishUITests.xctest; sourceTree = BUILT_PRODUCTS_DIR; };
		A6F6B08F290691CC004F189B /* RemindLearnEnglishUITests.swift */ = {isa = PBXFileReference; lastKnownFileType = sourcecode.swift; path = RemindLearnEnglishUITests.swift; sourceTree = "<group>"; };
		A6F6B091290691CC004F189B /* RemindLearnEnglishUITestsLaunchTests.swift */ = {isa = PBXFileReference; lastKnownFileType = sourcecode.swift; path = RemindLearnEnglishUITestsLaunchTests.swift; sourceTree = "<group>"; };
/* End PBXFileReference section */

/* Begin PBXFrameworksBuildPhase section */
		A6F6B068290691C6004F189B /* Frameworks */ = {
			isa = PBXFrameworksBuildPhase;
			buildActionMask = 2147483647;
			files = (
			);
			runOnlyForDeploymentPostprocessing = 0;
		};
		A6F6B07E290691CC004F189B /* Frameworks */ = {
			isa = PBXFrameworksBuildPhase;
			buildActionMask = 2147483647;
			files = (
			);
			runOnlyForDeploymentPostprocessing = 0;
		};
		A6F6B088290691CC004F189B /* Frameworks */ = {
			isa = PBXFrameworksBuildPhase;
			buildActionMask = 2147483647;
			files = (
			);
			runOnlyForDeploymentPostprocessing = 0;
		};
/* End PBXFrameworksBuildPhase section */

/* Begin PBXGroup section */
		A6F6B062290691C5004F189B = {
			isa = PBXGroup;
			children = (
				A6F6B06D290691C6004F189B /* RemindLearnEnglish */,
				A6F6B084290691CC004F189B /* RemindLearnEnglishTests */,
				A6F6B08E290691CC004F189B /* RemindLearnEnglishUITests */,
				A6F6B06C290691C6004F189B /* Products */,
			);
			sourceTree = "<group>";
		};
		A6F6B06C290691C6004F189B /* Products */ = {
			isa = PBXGroup;
			children = (
				A6F6B06B290691C6004F189B /* RemindLearnEnglish.app */,
				A6F6B081290691CC004F189B /* RemindLearnEnglishTests.xctest */,
				A6F6B08B290691CC004F189B /* RemindLearnEnglishUITests.xctest */,
			);
			name = Products;
			sourceTree = "<group>";
		};
		A6F6B06D290691C6004F189B /* RemindLearnEnglish */ = {
			isa = PBXGroup;
			children = (
				A6F6B06E290691C6004F189B /* AppDelegate.swift */,
				A6F6B070290691C6004F189B /* SceneDelegate.swift */,
				A6F6B072290691C6004F189B /* ViewController.swift */,
				A6F6B074290691C6004F189B /* Main.storyboard */,
				A6F6B077290691CB004F189B /* Assets.xcassets */,
				A6F6B079290691CB004F189B /* LaunchScreen.storyboard */,
				A6F6B07C290691CB004F189B /* Info.plist */,
			);
			path = RemindLearnEnglish;
			sourceTree = "<group>";
		};
		A6F6B084290691CC004F189B /* RemindLearnEnglishTests */ = {
			isa = PBXGroup;
			children = (
				A6F6B085290691CC004F189B /* RemindLearnEnglishTests.swift */,
			);
			path = RemindLearnEnglishTests;
			sourceTree = "<group>";
		};
		A6F6B08E290691CC004F189B /* RemindLearnEnglishUITests */ = {
			isa = PBXGroup;
			children = (
				A6F6B08F290691CC004F189B /* RemindLearnEnglishUITests.swift */,
				A6F6B091290691CC004F189B /* RemindLearnEnglishUITestsLaunchTests.swift */,
			);
			path = RemindLearnEnglishUITests;
			sourceTree = "<group>";
		};
/* End PBXGroup section */

/* Begin PBXNativeTarget section */
		A6F6B06A290691C6004F189B /* RemindLearnEnglish */ = {
			isa = PBXNativeTarget;
			buildConfigurationList = A6F6B095290691CC004F189B /* Build configuration list for PBXNativeTarget "RemindLearnEnglish" */;
			buildPhases = (
				A6F6B067290691C6004F189B /* Sources */,
				A6F6B068290691C6004F189B /* Frameworks */,
				A6F6B069290691C6004F189B /* Resources */,
			);
			buildRules = (
			);
			dependencies = (
			);
			name = RemindLearnEnglish;
			productName = RemindLearnEnglish;
			productReference = A6F6B06B290691C6004F189B /* RemindLearnEnglish.app */;
			productType = "com.apple.product-type.application";
		};
		A6F6B080290691CC004F189B /* RemindLearnEnglishTests */ = {
			isa = PBXNativeTarget;
			buildConfigurationList = A6F6B098290691CC004F189B /* Build configuration list for PBXNativeTarget "RemindLearnEnglishTests" */;
			buildPhases = (
				A6F6B07D290691CC004F189B /* Sources */,
				A6F6B07E290691CC004F189B /* Frameworks */,
				A6F6B07F290691CC004F189B /* Resources */,
			);
			buildRules = (
			);
			dependencies = (
				A6F6B083290691CC004F189B /* PBXTargetDependency */,
			);
			name = RemindLearnEnglishTests;
			productName = RemindLearnEnglishTests;
			productReference = A6F6B081290691CC004F189B /* RemindLearnEnglishTests.xctest */;
			productType = "com.apple.product-type.bundle.unit-test";
		};
		A6F6B08A290691CC004F189B /* RemindLearnEnglishUITests */ = {
			isa = PBXNativeTarget;
			buildConfigurationList = A6F6B09B290691CC004F189B /* Build configuration list for PBXNativeTarget "RemindLearnEnglishUITests" */;
			buildPhases = (
				A6F6B087290691CC004F189B /* Sources */,
				A6F6B088290691CC004F189B /* Frameworks */,
				A6F6B089290691CC004F189B /* Resources */,
			);
			buildRules = (
			);
			dependencies = (
				A6F6B08D290691CC004F189B /* PBXTargetDependency */,
			);
			name = RemindLearnEnglishUITests;
			productName = RemindLearnEnglishUITests;
			productReference = A6F6B08B290691CC004F189B /* RemindLearnEnglishUITests.xctest */;
			productType = "com.apple.product-type.bundle.ui-testing";
		};
/* End PBXNativeTarget section */

/* Begin PBXProject section */
		A6F6B063290691C5004F189B /* Project object */ = {
			isa = PBXProject;
			attributes = {
				BuildIndependentTargetsInParallel = 1;
				LastSwiftUpdateCheck = 1310;
				LastUpgradeCheck = 1310;
				TargetAttributes = {
					A6F6B06A290691C6004F189B = {
						CreatedOnToolsVersion = 13.1;
					};
					A6F6B080290691CC004F189B = {
						CreatedOnToolsVersion = 13.1;
						TestTargetID = A6F6B06A290691C6004F189B;
					};
					A6F6B08A290691CC004F189B = {
						CreatedOnToolsVersion = 13.1;
						TestTargetID = A6F6B06A290691C6004F189B;
					};
				};
			};
			buildConfigurationList = A6F6B066290691C6004F189B /* Build configuration list for PBXProject "RemindLearnEnglish" */;
			compatibilityVersion = "Xcode 13.0";
			developmentRegion = en;
			hasScannedForEncodings = 0;
			knownRegions = (
				en,
				Base,
			);
			mainGroup = A6F6B062290691C5004F189B;
			productRefGroup = A6F6B06C290691C6004F189B /* Products */;
			projectDirPath = "";
			projectRoot = "";
			targets = (
				A6F6B06A290691C6004F189B /* RemindLearnEnglish */,
				A6F6B080290691CC004F189B /* RemindLearnEnglishTests */,
				A6F6B08A290691CC004F189B /* RemindLearnEnglishUITests */,
			);
		};
/* End PBXProject section */

/* Begin PBXResourcesBuildPhase section */
		A6F6B069290691C6004F189B /* Resources */ = {
			isa = PBXResourcesBuildPhase;
			buildActionMask = 2147483647;
			files = (
				A6F6B07B290691CB004F189B /* LaunchScreen.storyboard in Resources */,
				A6F6B078290691CB004F189B /* Assets.xcassets in Resources */,
				A6F6B076290691C6004F189B /* Main.storyboard in Resources */,
			);
			runOnlyForDeploymentPostprocessing = 0;
		};
		A6F6B07F290691CC004F189B /* Resources */ = {
			isa = PBXResourcesBuildPhase;
			buildActionMask = 2147483647;
			files = (
			);
			runOnlyForDeploymentPostprocessing = 0;
		};
		A6F6B089290691CC004F189B /* Resources */ = {
			isa = PBXResourcesBuildPhase;
			buildActionMask = 2147483647;
			files = (
			);
			runOnlyForDeploymentPostprocessing = 0;
		};
/* End PBXResourcesBuildPhase section */

/* Begin PBXSourcesBuildPhase section */
		A6F6B067290691C6004F189B /* Sources */ = {
			isa = PBXSourcesBuildPhase;
			buildActionMask = 2147483647;
			files = (
				A6F6B073290691C6004F189B /* ViewController.swift in Sources */,
				A6F6B06F290691C6004F189B /* AppDelegate.swift in Sources */,
				A6F6B071290691C6004F189B /* SceneDelegate.swift in Sources */,
			);
			runOnlyForDeploymentPostprocessing = 0;
		};
		A6F6B07D290691CC004F189B /* Sources */ = {
			isa = PBXSourcesBuildPhase;
			buildActionMask = 2147483647;
			files = (
				A6F6B086290691CC004F189B /* RemindLearnEnglishTests.swift in Sources */,
			);
			runOnlyForDeploymentPostprocessing = 0;
		};
		A6F6B087290691CC004F189B /* Sources */ = {
			isa = PBXSourcesBuildPhase;
			buildActionMask = 2147483647;
			files = (
				A6F6B090290691CC004F189B /* RemindLearnEnglishUITests.swift in Sources */,
				A6F6B092290691CC004F189B /* RemindLearnEnglishUITestsLaunchTests.swift in Sources */,
			);
			runOnlyForDeploymentPostprocessing = 0;
		};
/* End PBXSourcesBuildPhase section */

/* Begin PBXTargetDependency section */
		A6F6B083290691CC004F189B /* PBXTargetDependency */ = {
			isa = PBXTargetDependency;
			target = A6F6B06A290691C6004F189B /* RemindLearnEnglish */;
			targetProxy = A6F6B082290691CC004F189B /* PBXContainerItemProxy */;
		};
		A6F6B08D290691CC004F189B /* PBXTargetDependency */ = {
			isa = PBXTargetDependency;
			target = A6F6B06A290691C6004F189B /* RemindLearnEnglish */;
			targetProxy = A6F6B08C290691CC004F189B /* PBXContainerItemProxy */;
		};
/* End PBXTargetDependency section */

/* Begin PBXVariantGroup section */
		A6F6B074290691C6004F189B /* Main.storyboard */ = {
			isa = PBXVariantGroup;
			children = (
				A6F6B075290691C6004F189B /* Base */,
			);
			name = Main.storyboard;
			sourceTree = "<group>";
		};
		A6F6B079290691CB004F189B /* LaunchScreen.storyboard */ = {
			isa = PBXVariantGroup;
			children = (
				A6F6B07A290691CB004F189B /* Base */,
			);
			name = LaunchScreen.storyboard;
			sourceTree = "<group>";
		};
/* End PBXVariantGroup section */

/* Begin XCBuildConfiguration section */
		A6F6B093290691CC004F189B /* Debug */ = {
			isa = XCBuildConfiguration;
			buildSettings = {
				ALWAYS_SEARCH_USER_PATHS = NO;
				CLANG_ANALYZER_NONNULL = YES;
				CLANG_ANALYZER_NUMBER_OBJECT_CONVERSION = YES_AGGRESSIVE;
				CLANG_CXX_LANGUAGE_STANDARD = "gnu++17";
				CLANG_CXX_LIBRARY = "libc++";
				CLANG_ENABLE_MODULES = YES;
				CLANG_ENABLE_OBJC_ARC = YES;
				CLANG_ENABLE_OBJC_WEAK = YES;
				CLANG_WARN_BLOCK_CAPTURE_AUTORELEASING = YES;
				CLANG_WARN_BOOL_CONVERSION = YES;
				CLANG_WARN_COMMA = YES;
				CLANG_WARN_CONSTANT_CONVERSION = YES;
				CLANG_WARN_DEPRECATED_OBJC_IMPLEMENTATIONS = YES;
				CLANG_WARN_DIRECT_OBJC_ISA_USAGE = YES_ERROR;
				CLANG_WARN_DOCUMENTATION_COMMENTS = YES;
				CLANG_WARN_EMPTY_BODY = YES;
				CLANG_WARN_ENUM_CONVERSION = YES;
				CLANG_WARN_INFINITE_RECURSION = YES;
				CLANG_WARN_INT_CONVERSION = YES;
				CLANG_WARN_NON_LITERAL_NULL_CONVERSION = YES;
				CLANG_WARN_OBJC_IMPLICIT_RETAIN_SELF = YES;
				CLANG_WARN_OBJC_LITERAL_CONVERSION = YES;
				CLANG_WARN_OBJC_ROOT_CLASS = YES_ERROR;
				CLANG_WARN_QUOTED_INCLUDE_IN_FRAMEWORK_HEADER = YES;
				CLANG_WARN_RANGE_LOOP_ANALYSIS = YES;
				CLANG_WARN_STRICT_PROTOTYPES = YES;
				CLANG_WARN_SUSPICIOUS_MOVE = YES;
				CLANG_WARN_UNGUARDED_AVAILABILITY = YES_AGGRESSIVE;
				CLANG_WARN_UNREACHABLE_CODE = YES;
				CLANG_WARN__DUPLICATE_METHOD_MATCH = YES;
				COPY_PHASE_STRIP = NO;
				DEBUG_INFORMATION_FORMAT = dwarf;
				ENABLE_STRICT_OBJC_MSGSEND = YES;
				ENABLE_TESTABILITY = YES;
				GCC_C_LANGUAGE_STANDARD = gnu11;
				GCC_DYNAMIC_NO_PIC = NO;
				GCC_NO_COMMON_BLOCKS = YES;
				GCC_OPTIMIZATION_LEVEL = 0;
				GCC_PREPROCESSOR_DEFINITIONS = (
					"DEBUG=1",
					"$(inherited)",
				);
				GCC_WARN_64_TO_32_BIT_CONVERSION = YES;
				GCC_WARN_ABOUT_RETURN_TYPE = YES_ERROR;
				GCC_WARN_UNDECLARED_SELECTOR = YES;
				GCC_WARN_UNINITIALIZED_AUTOS = YES_AGGRESSIVE;
				GCC_WARN_UNUSED_FUNCTION = YES;
				GCC_WARN_UNUSED_VARIABLE = YES;
				IPHONEOS_DEPLOYMENT_TARGET = 15.0;
				MTL_ENABLE_DEBUG_INFO = INCLUDE_SOURCE;
				MTL_FAST_MATH = YES;
				ONLY_ACTIVE_ARCH = YES;
				SDKROOT = iphoneos;
				SWIFT_ACTIVE_COMPILATION_CONDITIONS = DEBUG;
				SWIFT_OPTIMIZATION_LEVEL = "-Onone";
			};
			name = Debug;
		};
		A6F6B094290691CC004F189B /* Release */ = {
			isa = XCBuildConfiguration;
			buildSettings = {
				ALWAYS_SEARCH_USER_PATHS = NO;
				CLANG_ANALYZER_NONNULL = YES;
				CLANG_ANALYZER_NUMBER_OBJECT_CONVERSION = YES_AGGRESSIVE;
				CLANG_CXX_LANGUAGE_STANDARD = "gnu++17";
				CLANG_CXX_LIBRARY = "libc++";
				CLANG_ENABLE_MODULES = YES;
				CLANG_ENABLE_OBJC_ARC = YES;
				CLANG_ENABLE_OBJC_WEAK = YES;
				CLANG_WARN_BLOCK_CAPTURE_AUTORELEASING = YES;
				CLANG_WARN_BOOL_CONVERSION = YES;
				CLANG_WARN_COMMA = YES;
				CLANG_WARN_CONSTANT_CONVERSION = YES;
				CLANG_WARN_DEPRECATED_OBJC_IMPLEMENTATIONS = YES;
				CLANG_WARN_DIRECT_OBJC_ISA_USAGE = YES_ERROR;
				CLANG_WARN_DOCUMENTATION_COMMENTS = YES;
				CLANG_WARN_EMPTY_BODY = YES;
				CLANG_WARN_ENUM_CONVERSION = YES;
				CLANG_WARN_INFINITE_RECURSION = YES;
				CLANG_WARN_INT_CONVERSION = YES;
				CLANG_WARN_NON_LITERAL_NULL_CONVERSION = YES;
				CLANG_WARN_OBJC_IMPLICIT_RETAIN_SELF = YES;
				CLANG_WARN_OBJC_LITERAL_CONVERSION = YES;
				CLANG_WARN_OBJC_ROOT_CLASS = YES_ERROR;
				CLANG_WARN_QUOTED_INCLUDE_IN_FRAMEWORK_HEADER = YES;
				CLANG_WARN_RANGE_LOOP_ANALYSIS = YES;
				CLANG_WARN_STRICT_PROTOTYPES = YES;
				CLANG_WARN_SUSPICIOUS_MOVE = YES;
				CLANG_WARN_UNGUARDED_AVAILABILITY = YES_AGGRESSIVE;
				CLANG_WARN_UNREACHABLE_CODE = YES;
				CLANG_WARN__DUPLICATE_METHOD_MATCH = YES;
				COPY_PHASE_STRIP = NO;
				DEBUG_INFORMATION_FORMAT = "dwarf-with-dsym";
				ENABLE_NS_ASSERTIONS = NO;
				ENABLE_STRICT_OBJC_MSGSEND = YES;
				GCC_C_LANGUAGE_STANDARD = gnu11;
				GCC_NO_COMMON_BLOCKS = YES;
				GCC_WARN_64_TO_32_BIT_CONVERSION = YES;
				GCC_WARN_ABOUT_RETURN_TYPE = YES_ERROR;
				GCC_WARN_UNDECLARED_SELECTOR = YES;
				GCC_WARN_UNINITIALIZED_AUTOS = YES_AGGRESSIVE;
				GCC_WARN_UNUSED_FUNCTION = YES;
				GCC_WARN_UNUSED_VARIABLE = YES;
				IPHONEOS_DEPLOYMENT_TARGET = 15.0;
				MTL_ENABLE_DEBUG_INFO = NO;
				MTL_FAST_MATH = YES;
				SDKROOT = iphoneos;
				SWIFT_COMPILATION_MODE = wholemodule;
				SWIFT_OPTIMIZATION_LEVEL = "-O";
				VALIDATE_PRODUCT = YES;
			};
			name = Release;
		};
		A6F6B096290691CC004F189B /* Debug */ = {
			isa = XCBuildConfiguration;
			buildSettings = {
				ASSETCATALOG_COMPILER_APPICON_NAME = AppIcon;
				ASSETCATALOG_COMPILER_GLOBAL_ACCENT_COLOR_NAME = AccentColor;
				CODE_SIGN_STYLE = Automatic;
				CURRENT_PROJECT_VERSION = 1;
				DEVELOPMENT_TEAM = XYF86TU6L9;
				GENERATE_INFOPLIST_FILE = YES;
				INFOPLIST_FILE = RemindLearnEnglish/Info.plist;
				INFOPLIST_KEY_UIApplicationSupportsIndirectInputEvents = YES;
				INFOPLIST_KEY_UILaunchStoryboardName = LaunchScreen;
				INFOPLIST_KEY_UIMainStoryboardFile = Main;
				INFOPLIST_KEY_UISupportedInterfaceOrientations_iPad = "UIInterfaceOrientationPortrait UIInterfaceOrientationPortraitUpsideDown UIInterfaceOrientationLandscapeLeft UIInterfaceOrientationLandscapeRight";
				INFOPLIST_KEY_UISupportedInterfaceOrientations_iPhone = "UIInterfaceOrientationPortrait UIInterfaceOrientationLandscapeLeft UIInterfaceOrientationLandscapeRight";
				LD_RUNPATH_SEARCH_PATHS = (
					"$(inherited)",
					"@executable_path/Frameworks",
				);
				MARKETING_VERSION = 1.0;
				PRODUCT_BUNDLE_IDENTIFIER = HaiPD1.Company.RemindLearnEnglish;
				PRODUCT_NAME = "$(TARGET_NAME)";
				SWIFT_EMIT_LOC_STRINGS = YES;
				SWIFT_VERSION = 5.0;
				TARGETED_DEVICE_FAMILY = "1,2";
			};
			name = Debug;
		};
		A6F6B097290691CC004F189B /* Release */ = {
			isa = XCBuildConfiguration;
			buildSettings = {
				ASSETCATALOG_COMPILER_APPICON_NAME = AppIcon;
				ASSETCATALOG_COMPILER_GLOBAL_ACCENT_COLOR_NAME = AccentColor;
				CODE_SIGN_STYLE = Automatic;
				CURRENT_PROJECT_VERSION = 1;
				DEVELOPMENT_TEAM = XYF86TU6L9;
				GENERATE_INFOPLIST_FILE = YES;
				INFOPLIST_FILE = RemindLearnEnglish/Info.plist;
				INFOPLIST_KEY_UIApplicationSupportsIndirectInputEvents = YES;
				INFOPLIST_KEY_UILaunchStoryboardName = LaunchScreen;
				INFOPLIST_KEY_UIMainStoryboardFile = Main;
				INFOPLIST_KEY_UISupportedInterfaceOrientations_iPad = "UIInterfaceOrientationPortrait UIInterfaceOrientationPortraitUpsideDown UIInterfaceOrientationLandscapeLeft UIInterfaceOrientationLandscapeRight";
				INFOPLIST_KEY_UISupportedInterfaceOrientations_iPhone = "UIInterfaceOrientationPortrait UIInterfaceOrientationLandscapeLeft UIInterfaceOrientationLandscapeRight";
				LD_RUNPATH_SEARCH_PATHS = (
					"$(inherited)",
					"@executable_path/Frameworks",
				);
				MARKETING_VERSION = 1.0;
				PRODUCT_BUNDLE_IDENTIFIER = HaiPD1.Company.RemindLearnEnglish;
				PRODUCT_NAME = "$(TARGET_NAME)";
				SWIFT_EMIT_LOC_STRINGS = YES;
				SWIFT_VERSION = 5.0;
				TARGETED_DEVICE_FAMILY = "1,2";
			};
			name = Release;
		};
		A6F6B099290691CC004F189B /* Debug */ = {
			isa = XCBuildConfiguration;
			buildSettings = {
				ALWAYS_EMBED_SWIFT_STANDARD_LIBRARIES = YES;
				BUNDLE_LOADER = "$(TEST_HOST)";
				CODE_SIGN_STYLE = Automatic;
				CURRENT_PROJECT_VERSION = 1;
				DEVELOPMENT_TEAM = XYF86TU6L9;
				GENERATE_INFOPLIST_FILE = YES;
				IPHONEOS_DEPLOYMENT_TARGET = 15.0;
				LD_RUNPATH_SEARCH_PATHS = (
					"$(inherited)",
					"@executable_path/Frameworks",
					"@loader_path/Frameworks",
				);
				MARKETING_VERSION = 1.0;
				PRODUCT_BUNDLE_IDENTIFIER = HaiPD1.Company.RemindLearnEnglishTests;
				PRODUCT_NAME = "$(TARGET_NAME)";
				SWIFT_EMIT_LOC_STRINGS = NO;
				SWIFT_VERSION = 5.0;
				TARGETED_DEVICE_FAMILY = "1,2";
				TEST_HOST = "$(BUILT_PRODUCTS_DIR)/RemindLearnEnglish.app/RemindLearnEnglish";
			};
			name = Debug;
		};
		A6F6B09A290691CC004F189B /* Release */ = {
			isa = XCBuildConfiguration;
			buildSettings = {
				ALWAYS_EMBED_SWIFT_STANDARD_LIBRARIES = YES;
				BUNDLE_LOADER = "$(TEST_HOST)";
				CODE_SIGN_STYLE = Automatic;
				CURRENT_PROJECT_VERSION = 1;
				DEVELOPMENT_TEAM = XYF86TU6L9;
				GENERATE_INFOPLIST_FILE = YES;
				IPHONEOS_DEPLOYMENT_TARGET = 15.0;
				LD_RUNPATH_SEARCH_PATHS = (
					"$(inherited)",
					"@executable_path/Frameworks",
					"@loader_path/Frameworks",
				);
				MARKETING_VERSION = 1.0;
				PRODUCT_BUNDLE_IDENTIFIER = HaiPD1.Company.RemindLearnEnglishTests;
				PRODUCT_NAME = "$(TARGET_NAME)";
				SWIFT_EMIT_LOC_STRINGS = NO;
				SWIFT_VERSION = 5.0;
				TARGETED_DEVICE_FAMILY = "1,2";
				TEST_HOST = "$(BUILT_PRODUCTS_DIR)/RemindLearnEnglish.app/RemindLearnEnglish";
			};
			name = Release;
		};
		A6F6B09C290691CC004F189B /* Debug */ = {
			isa = XCBuildConfiguration;
			buildSettings = {
				ALWAYS_EMBED_SWIFT_STANDARD_LIBRARIES = YES;
				CODE_SIGN_STYLE = Automatic;
				CURRENT_PROJECT_VERSION = 1;
				DEVELOPMENT_TEAM = XYF86TU6L9;
				GENERATE_INFOPLIST_FILE = YES;
				LD_RUNPATH_SEARCH_PATHS = (
					"$(inherited)",
					"@executable_path/Frameworks",
					"@loader_path/Frameworks",
				);
				MARKETING_VERSION = 1.0;
				PRODUCT_BUNDLE_IDENTIFIER = HaiPD1.Company.RemindLearnEnglishUITests;
				PRODUCT_NAME = "$(TARGET_NAME)";
				SWIFT_EMIT_LOC_STRINGS = NO;
				SWIFT_VERSION = 5.0;
				TARGETED_DEVICE_FAMILY = "1,2";
				TEST_TARGET_NAME = RemindLearnEnglish;
			};
			name = Debug;
		};
		A6F6B09D290691CC004F189B /* Release */ = {
			isa = XCBuildConfiguration;
			buildSettings = {
				ALWAYS_EMBED_SWIFT_STANDARD_LIBRARIES = YES;
				CODE_SIGN_STYLE = Automatic;
				CURRENT_PROJECT_VERSION = 1;
				DEVELOPMENT_TEAM = XYF86TU6L9;
				GENERATE_INFOPLIST_FILE = YES;
				LD_RUNPATH_SEARCH_PATHS = (
					"$(inherited)",
					"@executable_path/Frameworks",
					"@loader_path/Frameworks",
				);
				MARKETING_VERSION = 1.0;
				PRODUCT_BUNDLE_IDENTIFIER = HaiPD1.Company.RemindLearnEnglishUITests;
				PRODUCT_NAME = "$(TARGET_NAME)";
				SWIFT_EMIT_LOC_STRINGS = NO;
				SWIFT_VERSION = 5.0;
				TARGETED_DEVICE_FAMILY = "1,2";
				TEST_TARGET_NAME = RemindLearnEnglish;
			};
			name = Release;
		};
/* End XCBuildConfiguration section */

/* Begin XCConfigurationList section */
		A6F6B066290691C6004F189B /* Build configuration list for PBXProject "RemindLearnEnglish" */ = {
			isa = XCConfigurationList;
			buildConfigurations = (
				A6F6B093290691CC004F189B /* Debug */,
				A6F6B094290691CC004F189B /* Release */,
			);
			defaultConfigurationIsVisible = 0;
			defaultConfigurationName = Release;
		};
		A6F6B095290691CC004F189B /* Build configuration list for PBXNativeTarget "RemindLearnEnglish" */ = {
			isa = XCConfigurationList;
			buildConfigurations = (
				A6F6B096290691CC004F189B /* Debug */,
				A6F6B097290691CC004F189B /* Release */,
			);
			defaultConfigurationIsVisible = 0;
			defaultConfigurationName = Release;
		};
		A6F6B098290691CC004F189B /* Build configuration list for PBXNativeTarget "RemindLearnEnglishTests" */ = {
			isa = XCConfigurationList;
			buildConfigurations = (
				A6F6B099290691CC004F189B /* Debug */,
				A6F6B09A290691CC004F189B /* Release */,
			);
			defaultConfigurationIsVisible = 0;
			defaultConfigurationName = Release;
		};
		A6F6B09B290691CC004F189B /* Build configuration list for PBXNativeTarget "RemindLearnEnglishUITests" */ = {
			isa = XCConfigurationList;
			buildConfigurations = (
				A6F6B09C290691CC004F189B /* Debug */,
				A6F6B09D290691CC004F189B /* Release */,
			);
			defaultConfigurationIsVisible = 0;
			defaultConfigurationName = Release;
		};
/* End XCConfigurationList section */
	};
	rootObject = A6F6B063290691C5004F189B /* Project object */;
}
